
Microsoft Visual Studio Solution File, Format Version 12.00
# Visual Studio Version 17
VisualStudioVersion = 17.11.35222.181
MinimumVisualStudioVersion = 10.0.40219.1
Project("{FAE04EC0-301F-11D3-BF4B-00C04F79EFBC}") = "PL Projekat", "PL Projekat\PL Projekat.csproj", "{0E2F55F7-3529-4D2A-BF0E-3298121ADEF7}"
EndProject
Global
	GlobalSection(SolutionConfigurationPlatforms) = preSolution
		Debug|Any CPU = Debug|Any CPU
		Release|Any CPU = Release|Any CPU
	EndGlobalSection
	GlobalSection(ProjectConfigurationPlatforms) = postSolution
		{0E2F55F7-3529-4D2A-BF0E-3298121ADEF7}.Debug|Any CPU.ActiveCfg = Debug|Any CPU
		{0E2F55F7-3529-4D2A-BF0E-3298121ADEF7}.Debug|Any CPU.Build.0 = Debug|Any CPU
		{0E2F55F7-3529-4D2A-BF0E-3298121ADEF7}.Release|Any CPU.ActiveCfg = Release|Any CPU
		{0E2F55F7-3529-4D2A-BF0E-3298121ADEF7}.Release|Any CPU.Build.0 = Release|Any CPU
	EndGlobalSection
	GlobalSection(SolutionProperties) = preSolution
		HideSolutionNode = FALSE
	EndGlobalSection
	GlobalSection(ExtensibilityGlobals) = postSolution
		SolutionGuid = {140BF401-402E-47CD-B12E-0453F612D723}
	EndGlobalSection
EndGlobal
